{
  "name": "all-has-its-season",
  "lockfileVersion": 3,
  "requires": true,
  "packages": {
    "": {
      "name": "all-has-its-season",
      "dependencies": {
        "mp-html": "^2.5.2"
      },
      "devDependencies": {
        "marked": "^18.0.6"
      }
    },
    "node_modules/marked": {
      "version": "18.0.6",
      "resolved": "https://mirrors.huaweicloud.com/repository/npm/marked/-/marked-18.0.6.tgz",
      "integrity": "sha512-MrV5puXBfuiy6wl6DLaq3BtIJQAJToAd5zt/ZKhRfGRAuFPALE7/4Y7jnxRQoEgK/pBgurGqLyAuRgZ2xOjr6w==",
      "dev": true,
      "license": "MIT",
      "bin": {
        "marked": "bin/marked.js"
      },
      "engines": {
        "node": ">= 20"
      }
    },
    "node_modules/mp-html": {
      "version": "2.5.2",
      "resolved": "https://mirrors.huaweicloud.com/repository/npm/mp-html/-/mp-html-2.5.2.tgz",
      "integrity": "sha512-45e8c32Qgux4YU4iC3qCSFsOh3y+RwPwZ+iz/vvLkDgSGWk+1zsL4WUzWWQc9w3AsAfkaD/QR0oIufIDngBmXA==",
      "license": "MIT"
    }
  }
}
